<?xml version="1.0" encoding="utf-8"?>
<Project ToolsVersion="4.0" xmlns="http://schemas.microsoft.com/developer/msbuild/2003">
  <ItemGroup>
    <Filter Include="App">
      <UniqueIdentifier>{de461185-a3f0-4a51-81b8-4790b2fec46e}</UniqueIdentifier>
    </Filter>
    <Filter Include="GameEngine">
      <UniqueIdentifier>{5c6e021b-5b50-4704-9d71-cdd2530e7371}</UniqueIdentifier>
    </Filter>
    <Filter Include="GameEngine\WindowingSystem">
      <UniqueIdentifier>{eb442674-8fc3-4ef0-88d4-351816f1c7f2}</UniqueIdentifier>
    </Filter>
    <Filter Include="GameEngine\GraphicsEngine">
      <UniqueIdentifier>{5b06b89f-9c45-4059-9a97-79d649654e5f}</UniqueIdentifier>
    </Filter>
    <Filter Include="App\Objects">
      <UniqueIdentifier>{c42ab9d0-aeb1-4a84-902e-e29d225896a8}</UniqueIdentifier>
    </Filter>
    <Filter Include="GameEngine\Math">
      <UniqueIdentifier>{4d0d4d32-c7ab-45a7-aa5d-35e181986b55}</UniqueIdentifier>
    </Filter>
    <Filter Include="App\Objects\AGameObject">
      <UniqueIdentifier>{ecb986b4-1840-4a3a-84c3-5bf134460902}</UniqueIdentifier>
    </Filter>
    <Filter Include="App\Objects\Primitives">
      <UniqueIdentifier>{27c8e500-487c-4b8c-8d2b-090c9d2071dd}</UniqueIdentifier>
    </Filter>
    <Filter Include="GameEngine\InputSystem">
      <UniqueIdentifier>{36decf7e-198e-42fb-aabc-003fe10d42fe}</UniqueIdentifier>
    </Filter>
    <Filter Include="GameEngine\Math\Vector4D">
      <UniqueIdentifier>{270a9e4a-3f8c-4df0-a0b6-55c190b7696b}</UniqueIdentifier>
    </Filter>
    <Filter Include="App\Objects\Camera">
      <UniqueIdentifier>{56789f54-6103-4334-9e15-1946039e9c05}</UniqueIdentifier>
    </Filter>
    <Filter Include="GameEngine\GraphicsEngine\RenderSystem">
      <UniqueIdentifier>{7e8f856a-2565-4ada-9ba4-5d164a63db44}</UniqueIdentifier>
    </Filter>
    <Filter Include="GameEngine\GraphicsEngine\RenderSystem\VertexShader">
      <UniqueIdentifier>{79b0f6c7-7213-4c6a-9be2-0c5bb133efe9}</UniqueIdentifier>
    </Filter>
    <Filter Include="GameEngine\GraphicsEngine\RenderSystem\DeviceContext">
      <UniqueIdentifier>{2533d455-03e8-4947-8546-25a3629820a6}</UniqueIdentifier>
    </Filter>
    <Filter Include="GameEngine\GraphicsEngine\RenderSystem\IndexBuffer">
      <UniqueIdentifier>{c67ab796-7ffc-418d-8ea2-30b8a9ce3114}</UniqueIdentifier>
    </Filter>
    <Filter Include="GameEngine\GraphicsEngine\RenderSystem\PixelShader">
      <UniqueIdentifier>{12e90b81-0f0e-4f62-8c35-e76bd8221984}</UniqueIdentifier>
    </Filter>
    <Filter Include="GameEngine\GraphicsEngine\RenderSystem\SwapChain">
      <UniqueIdentifier>{76d9c2eb-a1f8-4daa-bf8c-e54fa85ca001}</UniqueIdentifier>
    </Filter>
    <Filter Include="GameEngine\GraphicsEngine\RenderSystem\VertexBuffer">
      <UniqueIdentifier>{3953124b-d2b3-4f74-b35f-b72139d8dc87}</UniqueIdentifier>
    </Filter>
    <Filter Include="GameEngine\GraphicsEngine\RenderSystem\ConstantBuffer">
      <UniqueIdentifier>{986351cb-6dab-4fb1-bd70-78c1fc04810c}</UniqueIdentifier>
    </Filter>
    <Filter Include="imgui">
      <UniqueIdentifier>{87ff24f3-fc0c-4f5f-bd9f-683b93d00158}</UniqueIdentifier>
    </Filter>
    <Filter Include="GameEngine\UISystem">
      <UniqueIdentifier>{115aebed-1a38-482d-a9a4-bd1a466fbc5c}</UniqueIdentifier>
    </Filter>
    <Filter Include="Extra">
      <UniqueIdentifier>{c327f814-4b56-41f7-a470-dc696a4ab038}</UniqueIdentifier>
    </Filter>
    <Filter Include="GameEngine\GraphicsEngine\GameObjectManager">
      <UniqueIdentifier>{3b47367d-ab57-4bc0-a101-e88ff7ad1b7e}</UniqueIdentifier>
    </Filter>
    <Filter Include="GameEngine\UISystem\UIScreen">
      <UniqueIdentifier>{d0a0e05d-fffe-4ea0-b054-def75a6705d6}</UniqueIdentifier>
    </Filter>
    <Filter Include="GameEngine\GraphicsEngine\ResourceManager">
      <UniqueIdentifier>{cb26185b-de17-480a-aaec-233245adedba}</UniqueIdentifier>
    </Filter>
    <Filter Include="GameEngine\GraphicsEngine\ResourceManager\TextureManager">
      <UniqueIdentifier>{90706931-b16a-418c-b337-970a8af1c5aa}</UniqueIdentifier>
    </Filter>
    <Filter Include="GameEngine\GraphicsEngine\ShaderManager">
      <UniqueIdentifier>{8a567780-3b06-4e2e-b30e-f4d8602b7f4e}</UniqueIdentifier>
    </Filter>
    <Filter Include="GameEngine\GraphicsEngine\ResourceManager\BaseResource">
      <UniqueIdentifier>{55fd04a4-09be-46ee-b416-2fb99e3c186b}</UniqueIdentifier>
    </Filter>
    <Filter Include="GameEngine\GraphicsEngine\BaseGraphics">
      <UniqueIdentifier>{2afee18e-4f38-41a9-b898-6201d50ed047}</UniqueIdentifier>
    </Filter>
    <Filter Include="GameEngine\GraphicsEngine\ResourceManager\MeshManager">
      <UniqueIdentifier>{e556ec6b-d90a-4abc-a85e-7939678b87b2}</UniqueIdentifier>
    </Filter>
    <Filter Include="App\Objects\MeshObject">
      <UniqueIdentifier>{901d163a-a21f-4acb-b8a5-d81a132aa51f}</UniqueIdentifier>
    </Filter>
    <Filter Include="GameEngine\GraphicsEngine\ShaderManager\HLSLShader">
      <UniqueIdentifier>{05761230-651d-4daa-83ef-bd94382651fc}</UniqueIdentifier>
    </Filter>
    <Filter Include="GameEngine\GraphicsEngine\BaseComponentSystem">
      <UniqueIdentifier>{91d67337-4660-4438-afa2-8cd5b9168473}</UniqueIdentifier>
    </Filter>
    <Filter Include="GameEngine\GraphicsEngine\BaseComponentSystem\ComponentSystems">
      <UniqueIdentifier>{3b5421b5-8b14-45ba-9669-5901d051b067}</UniqueIdentifier>
    </Filter>
    <Filter Include="GameEngine\GraphicsEngine\ComponentSystem">
      <UniqueIdentifier>{f91db6b8-ea48-47be-aa1c-7ce60e989c64}</UniqueIdentifier>
    </Filter>
    <Filter Include="GameEngine\GraphicsEngine\ComponentSystem\PhysicsComponents">
      <UniqueIdentifier>{45af10d5-ebe5-44bc-a24a-11ff3df9a25c}</UniqueIdentifier>
    </Filter>
    <Filter Include="App\Objects\Primitives\Physics">
      <UniqueIdentifier>{5c485d8b-fdc9-45cb-9ee4-19ed381178f6}</UniqueIdentifier>
    </Filter>
    <Filter Include="GameEngine\Backend">
      <UniqueIdentifier>{e2bd3753-d5e7-408b-9369-7f976a76d5b1}</UniqueIdentifier>
    </Filter>
    <Filter Include="GameEngine\FileManager">
      <UniqueIdentifier>{efe12243-d086-499f-8f5d-3325d51a49c3}</UniqueIdentifier>
    </Filter>
  </ItemGroup>
  <ItemGroup>
    <ClCompile Include="main.cpp">
      <Filter>App</Filter>
    </ClCompile>
    <ClCompile Include="AppWindow.cpp">
      <Filter>App</Filter>
    </ClCompile>
    <ClCompile Include="Window.cpp">
      <Filter>GameEngine\WindowingSystem</Filter>
    </ClCompile>
    <ClCompile Include="SwapChain.cpp">
      <Filter>GameEngine\GraphicsEngine\RenderSystem\SwapChain</Filter>
    </ClCompile>
    <ClCompile Include="DeviceContext.cpp">
      <Filter>GameEngine\GraphicsEngine\RenderSystem\DeviceContext</Filter>
    </ClCompile>
    <ClCompile Include="VertexBuffer.cpp">
      <Filter>GameEngine\GraphicsEngine\RenderSystem\VertexBuffer</Filter>
    </ClCompile>
    <ClCompile Include="VertexShader.cpp">
      <Filter>GameEngine\GraphicsEngine\RenderSystem\VertexShader</Filter>
    </ClCompile>
    <ClCompile Include="PixelShader.cpp">
      <Filter>GameEngine\GraphicsEngine\RenderSystem\PixelShader</Filter>
    </ClCompile>
    <ClCompile Include="ConstantBuffer.cpp">
      <Filter>GameEngine\GraphicsEngine\RenderSystem\ConstantBuffer</Filter>
    </ClCompile>
    <ClCompile Include="EngineTime.cpp">
      <Filter>GameEngine</Filter>
    </ClCompile>
    <ClCompile Include="IndexBuffer.cpp">
      <Filter>GameEngine\GraphicsEngine\RenderSystem\IndexBuffer</Filter>
    </ClCompile>
    <ClCompile Include="AGameObject.cpp">
      <Filter>App\Objects\AGameObject</Filter>
    </ClCompile>
    <ClCompile Include="Cube.cpp">
      <Filter>App\Objects\Primitives</Filter>
    </ClCompile>
    <ClCompile Include="Plane.cpp">
      <Filter>App\Objects\Primitives</Filter>
    </ClCompile>
    <ClCompile Include="InputSystem.cpp">
      <Filter>GameEngine\InputSystem</Filter>
    </ClCompile>
    <ClCompile Include="Camera.cpp">
      <Filter>App\Objects\Camera</Filter>
    </ClCompile>
    <ClCompile Include="SceneCameraHandler.cpp">
      <Filter>App\Objects\Camera</Filter>
    </ClCompile>
    <ClCompile Include="RenderSystem.cpp">
      <Filter>GameEngine\GraphicsEngine\RenderSystem</Filter>
    </ClCompile>
    <ClCompile Include="imgui\imgui.cpp">
      <Filter>imgui</Filter>
    </ClCompile>
    <ClCompile Include="imgui\imgui_demo.cpp">
      <Filter>imgui</Filter>
    </ClCompile>
    <ClCompile Include="imgui\imgui_draw.cpp">
      <Filter>imgui</Filter>
    </ClCompile>
    <ClCompile Include="imgui\imgui_impl_dx11.cpp">
      <Filter>imgui</Filter>
    </ClCompile>
    <ClCompile Include="imgui\imgui_impl_win32.cpp">
      <Filter>imgui</Filter>
    </ClCompile>
    <ClCompile Include="imgui\imgui_widgets.cpp">
      <Filter>imgui</Filter>
    </ClCompile>
    <ClCompile Include="UIManager.cpp">
      <Filter>GameEngine\UISystem</Filter>
    </ClCompile>
    <ClCompile Include="AUIScreen.cpp">
      <Filter>GameEngine\UISystem\UIScreen</Filter>
    </ClCompile>
    <ClCompile Include="CreditsScreen.cpp">
      <Filter>GameEngine\UISystem\UIScreen</Filter>
    </ClCompile>
    <ClCompile Include="MenuScreen.cpp">
      <Filter>GameEngine\UISystem\UIScreen</Filter>
    </ClCompile>
    <ClCompile Include="ColorPickerScreen.cpp">
      <Filter>GameEngine\UISystem\UIScreen</Filter>
    </ClCompile>
    <ClCompile Include="ShaderManager.cpp">
      <Filter>GameEngine\GraphicsEngine\ShaderManager</Filter>
    </ClCompile>
    <ClCompile Include="GameObjectManager.cpp">
      <Filter>GameEngine\GraphicsEngine\GameObjectManager</Filter>
    </ClCompile>
    <ClCompile Include="HierarchyScreen.cpp">
      <Filter>GameEngine\UISystem\UIScreen</Filter>
    </ClCompile>
    <ClCompile Include="InspectorScreen.cpp">
      <Filter>GameEngine\UISystem\UIScreen</Filter>
    </ClCompile>
    <ClCompile Include="TexturedCube.cpp">
      <Filter>App\Objects\Primitives</Filter>
    </ClCompile>
    <ClCompile Include="Texture.cpp">
      <Filter>GameEngine\GraphicsEngine\ResourceManager\TextureManager</Filter>
    </ClCompile>
    <ClCompile Include="TextureManager.cpp">
      <Filter>GameEngine\GraphicsEngine\ResourceManager\TextureManager</Filter>
    </ClCompile>
    <ClCompile Include="TexturedVertexBuffer.cpp">
      <Filter>GameEngine\GraphicsEngine\RenderSystem\VertexBuffer</Filter>
    </ClCompile>
    <ClCompile Include="Resource.cpp">
      <Filter>GameEngine\GraphicsEngine\ResourceManager\BaseResource</Filter>
    </ClCompile>
    <ClCompile Include="ResourceManager.cpp">
      <Filter>GameEngine\GraphicsEngine\ResourceManager\BaseResource</Filter>
    </ClCompile>
    <ClCompile Include="GraphicsEngine.cpp">
      <Filter>GameEngine\GraphicsEngine\BaseGraphics</Filter>
    </ClCompile>
    <ClCompile Include="MeshManager.cpp">
      <Filter>GameEngine\GraphicsEngine\ResourceManager\MeshManager</Filter>
    </ClCompile>
    <ClCompile Include="Mesh.cpp">
      <Filter>GameEngine\GraphicsEngine\ResourceManager\MeshManager</Filter>
    </ClCompile>
    <ClCompile Include="MeshObject.cpp">
      <Filter>App\Objects\MeshObject</Filter>
    </ClCompile>
    <ClCompile Include="BaseComponentSystem.cpp">
      <Filter>GameEngine\GraphicsEngine\BaseComponentSystem</Filter>
    </ClCompile>
    <ClCompile Include="PhysicsSystem.cpp">
      <Filter>GameEngine\GraphicsEngine\BaseComponentSystem\ComponentSystems</Filter>
    </ClCompile>
    <ClCompile Include="AComponent.cpp">
      <Filter>GameEngine\GraphicsEngine\ComponentSystem</Filter>
    </ClCompile>
    <ClCompile Include="RigidPlane.cpp">
      <Filter>App\Objects\Primitives\Physics</Filter>
    </ClCompile>
    <ClCompile Include="RigidCube.cpp">
      <Filter>App\Objects\Primitives\Physics</Filter>
    </ClCompile>
    <ClCompile Include="PhysicsComponent.cpp">
      <Filter>GameEngine\GraphicsEngine\ComponentSystem\PhysicsComponents</Filter>
    </ClCompile>
    <ClCompile Include="ScenePlayScreen.cpp">
      <Filter>GameEngine\UISystem\UIScreen</Filter>
    </ClCompile>
    <ClCompile Include="EngineBackend.cpp">
      <Filter>GameEngine\Backend</Filter>
    </ClCompile>
    <ClCompile Include="ActionHistory.cpp">
      <Filter>GameEngine\Backend</Filter>
    </ClCompile>
    <ClCompile Include="FileManager.cpp">
      <Filter>GameEngine\FileManager</Filter>
    </ClCompile>
    <ClCompile Include="ObjectState.cpp">
      <Filter>GameEngine\Backend</Filter>
    </ClCompile>
    <ClCompile Include="Sphere.cpp">
      <Filter>App\Objects\Primitives</Filter>
    </ClCompile>
  </ItemGroup>
  <ItemGroup>
    <ClInclude Include="AppWindow.h">
      <Filter>App</Filter>
    </ClInclude>
    <ClInclude Include="SwapChain.h">
      <Filter>GameEngine\GraphicsEngine\RenderSystem\SwapChain</Filter>
    </ClInclude>
    <ClInclude Include="DeviceContext.h">
      <Filter>GameEngine\GraphicsEngine\RenderSystem\DeviceContext</Filter>
    </ClInclude>
    <ClInclude Include="VertexBuffer.h">
      <Filter>GameEngine\GraphicsEngine\RenderSystem\VertexBuffer</Filter>
    </ClInclude>
    <ClInclude Include="VertexShader.h">
      <Filter>GameEngine\GraphicsEngine\RenderSystem\VertexShader</Filter>
    </ClInclude>
    <ClInclude Include="Window.h">
      <Filter>GameEngine\WindowingSystem</Filter>
    </ClInclude>
    <ClInclude Include="PixelShader.h">
      <Filter>GameEngine\GraphicsEngine\RenderSystem\PixelShader</Filter>
    </ClInclude>
    <ClInclude Include="ConstantBuffer.h">
      <Filter>GameEngine\GraphicsEngine\RenderSystem\ConstantBuffer</Filter>
    </ClInclude>
    <ClInclude Include="EngineTime.h">
      <Filter>GameEngine</Filter>
    </ClInclude>
    <ClInclude Include="Vector3D.h">
      <Filter>GameEngine\Math</Filter>
    </ClInclude>
    <ClInclude Include="Vertex.h">
      <Filter>GameEngine\Math</Filter>
    </ClInclude>
    <ClInclude Include="Matrix4x4.h">
      <Filter>GameEngine\Math</Filter>
    </ClInclude>
    <ClInclude Include="IndexBuffer.h">
      <Filter>GameEngine\GraphicsEngine\RenderSystem\IndexBuffer</Filter>
    </ClInclude>
    <ClInclude Include="AGameObject.h">
      <Filter>App\Objects\AGameObject</Filter>
    </ClInclude>
    <ClInclude Include="Cube.h">
      <Filter>App\Objects\Primitives</Filter>
    </ClInclude>
    <ClInclude Include="Plane.h">
      <Filter>App\Objects\Primitives</Filter>
    </ClInclude>
    <ClInclude Include="InputSystem.h">
      <Filter>GameEngine\InputSystem</Filter>
    </ClInclude>
    <ClInclude Include="InputListener.h">
      <Filter>GameEngine\InputSystem</Filter>
    </ClInclude>
    <ClInclude Include="Point.h">
      <Filter>GameEngine\Math</Filter>
    </ClInclude>
    <ClInclude Include="Vector4D.h">
      <Filter>GameEngine\Math\Vector4D</Filter>
    </ClInclude>
    <ClInclude Include="Camera.h">
      <Filter>App\Objects\Camera</Filter>
    </ClInclude>
    <ClInclude Include="SceneCameraHandler.h">
      <Filter>App\Objects\Camera</Filter>
    </ClInclude>
    <ClInclude Include="RenderSystem.h">
      <Filter>GameEngine\GraphicsEngine\RenderSystem</Filter>
    </ClInclude>
    <ClInclude Include="imgui\imconfig.h">
      <Filter>imgui</Filter>
    </ClInclude>
    <ClInclude Include="imgui\imgui.h">
      <Filter>imgui</Filter>
    </ClInclude>
    <ClInclude Include="imgui\imgui_impl_dx11.h">
      <Filter>imgui</Filter>
    </ClInclude>
    <ClInclude Include="imgui\imgui_impl_win32.h">
      <Filter>imgui</Filter>
    </ClInclude>
    <ClInclude Include="imgui\imgui_internal.h">
      <Filter>imgui</Filter>
    </ClInclude>
    <ClInclude Include="imgui\imstb_rectpack.h">
      <Filter>imgui</Filter>
    </ClInclude>
    <ClInclude Include="imgui\imstb_textedit.h">
      <Filter>imgui</Filter>
    </ClInclude>
    <ClInclude Include="imgui\imstb_truetype.h">
      <Filter>imgui</Filter>
    </ClInclude>
    <ClInclude Include="UIManager.h">
      <Filter>GameEngine\UISystem</Filter>
    </ClInclude>
    <ClInclude Include="AUIScreen.h">
      <Filter>GameEngine\UISystem\UIScreen</Filter>
    </ClInclude>
    <ClInclude Include="CreditsScreen.h">
      <Filter>GameEngine\UISystem\UIScreen</Filter>
    </ClInclude>
    <ClInclude Include="ScreenNames.h">
      <Filter>GameEngine\UISystem\UIScreen</Filter>
    </ClInclude>
    <ClInclude Include="extra\stb_image.h">
      <Filter>Extra</Filter>
    </ClInclude>
    <ClInclude Include="Utility.h">
      <Filter>Extra</Filter>
    </ClInclude>
    <ClInclude Include="MenuScreen.h">
      <Filter>GameEngine\UISystem\UIScreen</Filter>
    </ClInclude>
    <ClInclude Include="ColorPickerScreen.h">
      <Filter>GameEngine\UISystem\UIScreen</Filter>
    </ClInclude>
    <ClInclude Include="ShaderManager.h">
      <Filter>GameEngine\GraphicsEngine\ShaderManager</Filter>
    </ClInclude>
    <ClInclude Include="GameObjectManager.h">
      <Filter>GameEngine\GraphicsEngine\GameObjectManager</Filter>
    </ClInclude>
    <ClInclude Include="HierarchyScreen.h">
      <Filter>GameEngine\UISystem\UIScreen</Filter>
    </ClInclude>
    <ClInclude Include="InspectorScreen.h">
      <Filter>GameEngine\UISystem\UIScreen</Filter>
    </ClInclude>
    <ClInclude Include="TexturedCube.h">
      <Filter>App\Objects\Primitives</Filter>
    </ClInclude>
    <ClInclude Include="Vector2D.h">
      <Filter>GameEngine\Math</Filter>
    </ClInclude>
    <ClInclude Include="Texture.h">
      <Filter>GameEngine\GraphicsEngine\ResourceManager\TextureManager</Filter>
    </ClInclude>
    <ClInclude Include="TextureManager.h">
      <Filter>GameEngine\GraphicsEngine\ResourceManager\TextureManager</Filter>
    </ClInclude>
    <ClInclude Include="TexturedVertexBuffer.h">
      <Filter>GameEngine\GraphicsEngine\RenderSystem\VertexBuffer</Filter>
    </ClInclude>
    <ClInclude Include="Resource.h">
      <Filter>GameEngine\GraphicsEngine\ResourceManager\BaseResource</Filter>
    </ClInclude>
    <ClInclude Include="ResourceManager.h">
      <Filter>GameEngine\GraphicsEngine\ResourceManager\BaseResource</Filter>
    </ClInclude>
    <ClInclude Include="GraphicsEngine.h">
      <Filter>GameEngine\GraphicsEngine\BaseGraphics</Filter>
    </ClInclude>
    <ClInclude Include="Prerequisites.h">
      <Filter>GameEngine\GraphicsEngine\BaseGraphics</Filter>
    </ClInclude>
    <ClInclude Include="MeshManager.h">
      <Filter>GameEngine\GraphicsEngine\ResourceManager\MeshManager</Filter>
    </ClInclude>
    <ClInclude Include="Mesh.h">
      <Filter>GameEngine\GraphicsEngine\ResourceManager\MeshManager</Filter>
    </ClInclude>
    <ClInclude Include="MeshObject.h">
      <Filter>App\Objects\MeshObject</Filter>
    </ClInclude>
    <ClInclude Include="VertexMesh.h">
      <Filter>GameEngine\Math</Filter>
    </ClInclude>
    <ClInclude Include="BaseComponentSystem.h">
      <Filter>GameEngine\GraphicsEngine\BaseComponentSystem</Filter>
    </ClInclude>
    <ClInclude Include="PhysicsSystem.h">
      <Filter>GameEngine\GraphicsEngine\BaseComponentSystem\ComponentSystems</Filter>
    </ClInclude>
    <ClInclude Include="AComponent.h">
      <Filter>GameEngine\GraphicsEngine\ComponentSystem</Filter>
    </ClInclude>
    <ClInclude Include="RigidPlane.h">
      <Filter>App\Objects\Primitives\Physics</Filter>
    </ClInclude>
    <ClInclude Include="RigidCube.h">
      <Filter>App\Objects\Primitives\Physics</Filter>
    </ClInclude>
    <ClInclude Include="PhysicsComponent.h">
      <Filter>GameEngine\GraphicsEngine\ComponentSystem\PhysicsComponents</Filter>
    </ClInclude>
    <ClInclude Include="ScenePlayScreen.h">
      <Filter>GameEngine\UISystem\UIScreen</Filter>
    </ClInclude>
    <ClInclude Include="EngineBackend.h">
      <Filter>GameEngine\Backend</Filter>
    </ClInclude>
    <ClInclude Include="ObjectState.h">
      <Filter>GameEngine\Math</Filter>
    </ClInclude>
    <ClInclude Include="EditorAction.h">
      <Filter>GameEngine\Backend</Filter>
    </ClInclude>
    <ClInclude Include="ActionHistory.h">
      <Filter>GameEngine\Backend</Filter>
    </ClInclude>
    <ClInclude Include="FileManager.h">
      <Filter>GameEngine\FileManager</Filter>
    </ClInclude>
    <ClInclude Include="extra\imfilebrowser.h">
      <Filter>Extra</Filter>
    </ClInclude>
    <ClInclude Include="StringUtils.h">
      <Filter>Extra</Filter>
    </ClInclude>
    <ClInclude Include="Sphere.h">
      <Filter>App\Objects\Primitives</Filter>
    </ClInclude>
  </ItemGroup>
  <ItemGroup>
    <FxCompile Include="shader.fx" />
    <FxCompile Include="PixelShader.hlsl">
      <Filter>GameEngine\GraphicsEngine\ShaderManager\HLSLShader</Filter>
    </FxCompile>
    <FxCompile Include="VertexShader.hlsl">
      <Filter>GameEngine\GraphicsEngine\ShaderManager\HLSLShader</Filter>
    </FxCompile>
    <FxCompile Include="TexturedVertexShader.hlsl">
      <Filter>GameEngine\GraphicsEngine\ShaderManager\HLSLShader</Filter>
    </FxCompile>
    <FxCompile Include="TexturedPixelShader.hlsl">
      <Filter>GameEngine\GraphicsEngine\ShaderManager\HLSLShader</Filter>
    </FxCompile>
  </ItemGroup>
  <ItemGroup>
    <None Include="imgui\imgui.ini">
      <Filter>imgui</Filter>
    </None>
  </ItemGroup>
</Project>